
Microsoft Visual Studio Solution File, Format Version 11.00
# Visual Studio 2010
Project("{FAE04EC0-301F-11D3-BF4B-00C04F79EFBC}") = "FamilyFinance", "FamilyFinance\FamilyFinance.csproj", "{16002E7C-0645-4089-B51D-624886199FCF}"
EndProject
Project("{FAE04EC0-301F-11D3-BF4B-00C04F79EFBC}") = "ImportOldFFDB", "ImportOldFFDB\ImportOldFFDB.csproj", "{238867E5-B9A5-4475-AAE4-280A8FE7591C}"
EndProject
Global
	GlobalSection(SolutionConfigurationPlatforms) = preSolution
		Debug|x86 = Debug|x86
		Release|x86 = Release|x86
	EndGlobalSection
	GlobalSection(ProjectConfigurationPlatforms) = postSolution
		{16002E7C-0645-4089-B51D-624886199FCF}.Debug|x86.ActiveCfg = Debug|x86
		{16002E7C-0645-4089-B51D-624886199FCF}.Debug|x86.Build.0 = Debug|x86
		{16002E7C-0645-4089-B51D-624886199FCF}.Release|x86.ActiveCfg = Release|x86
		{16002E7C-0645-4089-B51D-624886199FCF}.Release|x86.Build.0 = Release|x86
		{238867E5-B9A5-4475-AAE4-280A8FE7591C}.Debug|x86.ActiveCfg = Debug|x86
		{238867E5-B9A5-4475-AAE4-280A8FE7591C}.Debug|x86.Build.0 = Debug|x86
		{238867E5-B9A5-4475-AAE4-280A8FE7591C}.Release|x86.ActiveCfg = Release|x86
		{238867E5-B9A5-4475-AAE4-280A8FE7591C}.Release|x86.Build.0 = Release|x86
	EndGlobalSection
	GlobalSection(SolutionProperties) = preSolution
		HideSolutionNode = FALSE
	EndGlobalSection
EndGlobal
